
Microsoft Visual Studio Solution File, Format Version 12.00
# Visual Studio 15
VisualStudioVersion = 15.0.26430.6
MinimumVisualStudioVersion = 10.0.40219.1
Project("{FAE04EC0-301F-11D3-BF4B-00C04F79EFBC}") = "Test.MobileAzure", "Test.MobileAzure\Test.MobileAzure.csproj", "{4C8A2A82-D79A-456B-AD09-02AFE2339E6A}"
EndProject
Project("{FAE04EC0-301F-11D3-BF4B-00C04F79EFBC}") = "Test.MobileAzure.UnitTests", "Test.MobileAzure.UnitTests\Test.MobileAzure.UnitTests.csproj", "{7BD1FD82-173E-459F-8B9D-8A19269F001F}"
EndProject
Project("{FAE04EC0-301F-11D3-BF4B-00C04F79EFBC}") = "Test.MobileAzure.UITest", "Test.MobileAzure.UITest\Test.MobileAzure.UITest.csproj", "{62AED1A2-6957-4450-A31A-E413ECE86E37}"
EndProject
Global
	GlobalSection(SolutionConfigurationPlatforms) = preSolution
		Debug|Any CPU = Debug|Any CPU
		Release|Any CPU = Release|Any CPU
		Test|Any CPU = Test|Any CPU
		UITest|Any CPU = UITest|Any CPU
	EndGlobalSection
	GlobalSection(ProjectConfigurationPlatforms) = postSolution
		{4C8A2A82-D79A-456B-AD09-02AFE2339E6A}.Debug|Any CPU.ActiveCfg = Debug|Any CPU
		{4C8A2A82-D79A-456B-AD09-02AFE2339E6A}.Debug|Any CPU.Build.0 = Debug|Any CPU
		{4C8A2A82-D79A-456B-AD09-02AFE2339E6A}.Debug|Any CPU.Deploy.0 = Debug|Any CPU
		{4C8A2A82-D79A-456B-AD09-02AFE2339E6A}.Release|Any CPU.ActiveCfg = Release|Any CPU
		{4C8A2A82-D79A-456B-AD09-02AFE2339E6A}.Release|Any CPU.Build.0 = Release|Any CPU
		{4C8A2A82-D79A-456B-AD09-02AFE2339E6A}.Release|Any CPU.Deploy.0 = Release|Any CPU
		{4C8A2A82-D79A-456B-AD09-02AFE2339E6A}.Test|Any CPU.ActiveCfg = Test|Any CPU
		{4C8A2A82-D79A-456B-AD09-02AFE2339E6A}.Test|Any CPU.Build.0 = Test|Any CPU
		{4C8A2A82-D79A-456B-AD09-02AFE2339E6A}.UITest|Any CPU.ActiveCfg = UITest|Any CPU
		{4C8A2A82-D79A-456B-AD09-02AFE2339E6A}.UITest|Any CPU.Build.0 = UITest|Any CPU
		{4C8A2A82-D79A-456B-AD09-02AFE2339E6A}.UITest|Any CPU.Deploy.0 = UITest|Any CPU
		{7BD1FD82-173E-459F-8B9D-8A19269F001F}.Debug|Any CPU.ActiveCfg = Debug|Any CPU
		{7BD1FD82-173E-459F-8B9D-8A19269F001F}.Debug|Any CPU.Build.0 = Debug|Any CPU
		{7BD1FD82-173E-459F-8B9D-8A19269F001F}.Release|Any CPU.ActiveCfg = Release|Any CPU
		{7BD1FD82-173E-459F-8B9D-8A19269F001F}.Release|Any CPU.Build.0 = Release|Any CPU
		{7BD1FD82-173E-459F-8B9D-8A19269F001F}.Test|Any CPU.ActiveCfg = Test|Any CPU
		{7BD1FD82-173E-459F-8B9D-8A19269F001F}.Test|Any CPU.Build.0 = Test|Any CPU
		{7BD1FD82-173E-459F-8B9D-8A19269F001F}.UITest|Any CPU.ActiveCfg = UITest|Any CPU
		{7BD1FD82-173E-459F-8B9D-8A19269F001F}.UITest|Any CPU.Build.0 = UITest|Any CPU
		{62AED1A2-6957-4450-A31A-E413ECE86E37}.Debug|Any CPU.ActiveCfg = Debug|Any CPU
		{62AED1A2-6957-4450-A31A-E413ECE86E37}.Debug|Any CPU.Build.0 = Debug|Any CPU
		{62AED1A2-6957-4450-A31A-E413ECE86E37}.Release|Any CPU.ActiveCfg = Release|Any CPU
		{62AED1A2-6957-4450-A31A-E413ECE86E37}.Release|Any CPU.Build.0 = Release|Any CPU
		{62AED1A2-6957-4450-A31A-E413ECE86E37}.Test|Any CPU.ActiveCfg = Test|Any CPU
		{62AED1A2-6957-4450-A31A-E413ECE86E37}.UITest|Any CPU.ActiveCfg = UITest|Any CPU
		{62AED1A2-6957-4450-A31A-E413ECE86E37}.UITest|Any CPU.Build.0 = UITest|Any CPU
	EndGlobalSection
	GlobalSection(SolutionProperties) = preSolution
		HideSolutionNode = FALSE
	EndGlobalSection
EndGlobal
